
Microsoft Visual Studio Solution File, Format Version 12.00
# Visual Studio Version 17
VisualStudioVersion = 17.7.34009.444
MinimumVisualStudioVersion = 10.0.40219.1
Project("{F184B08F-C81C-45F6-A57F-5ABD9991F28F}") = "Suma de dos numeros en Form VB .NET", "Suma de dos numeros en Form VB .NET\Suma de dos numeros en Form VB .NET.vbproj", "{1BDF6233-CDAD-4E6F-AE92-30D549313CA8}"
EndProject
Global
	GlobalSection(SolutionConfigurationPlatforms) = preSolution
		Debug|Any CPU = Debug|Any CPU
		Release|Any CPU = Release|Any CPU
	EndGlobalSection
	GlobalSection(ProjectConfigurationPlatforms) = postSolution
		{1BDF6233-CDAD-4E6F-AE92-30D549313CA8}.Debug|Any CPU.ActiveCfg = Debug|Any CPU
		{1BDF6233-CDAD-4E6F-AE92-30D549313CA8}.Debug|Any CPU.Build.0 = Debug|Any CPU
		{1BDF6233-CDAD-4E6F-AE92-30D549313CA8}.Release|Any CPU.ActiveCfg = Release|Any CPU
		{1BDF6233-CDAD-4E6F-AE92-30D549313CA8}.Release|Any CPU.Build.0 = Release|Any CPU
	EndGlobalSection
	GlobalSection(SolutionProperties) = preSolution
		HideSolutionNode = FALSE
	EndGlobalSection
	GlobalSection(ExtensibilityGlobals) = postSolution
		SolutionGuid = {17D7930A-C86C-4037-9B55-A63AEF5B0B4B}
	EndGlobalSection
EndGlobal
