
Microsoft Visual Studio Solution File, Format Version 12.00
# Visual Studio Version 17
VisualStudioVersion = 17.7.34009.444
MinimumVisualStudioVersion = 10.0.40219.1
Project("{FAE04EC0-301F-11D3-BF4B-00C04F79EFBC}") = "consola seleccion Region c#", "consola seleccion Region c#\consola seleccion Region c#.csproj", "{1A7BA0DF-48E0-4C4C-A597-D4B3872D9060}"
EndProject
Global
	GlobalSection(SolutionConfigurationPlatforms) = preSolution
		Debug|Any CPU = Debug|Any CPU
		Release|Any CPU = Release|Any CPU
	EndGlobalSection
	GlobalSection(ProjectConfigurationPlatforms) = postSolution
		{1A7BA0DF-48E0-4C4C-A597-D4B3872D9060}.Debug|Any CPU.ActiveCfg = Debug|Any CPU
		{1A7BA0DF-48E0-4C4C-A597-D4B3872D9060}.Debug|Any CPU.Build.0 = Debug|Any CPU
		{1A7BA0DF-48E0-4C4C-A597-D4B3872D9060}.Release|Any CPU.ActiveCfg = Release|Any CPU
		{1A7BA0DF-48E0-4C4C-A597-D4B3872D9060}.Release|Any CPU.Build.0 = Release|Any CPU
	EndGlobalSection
	GlobalSection(SolutionProperties) = preSolution
		HideSolutionNode = FALSE
	EndGlobalSection
	GlobalSection(ExtensibilityGlobals) = postSolution
		SolutionGuid = {ED7C35B2-30C6-4CA9-A44D-73FCD2D5BA97}
	EndGlobalSection
EndGlobal
